
Microsoft Visual Studio Solution File, Format Version 12.00
# Visual Studio 15
VisualStudioVersion = 15.0.27428.2015
MinimumVisualStudioVersion = 10.0.40219.1
Project("{FAE04EC0-301F-11D3-BF4B-00C04F79EFBC}") = "UnityUploader", "UnityUploader\UnityUploader.csproj", "{67690B1E-1D05-4082-8FF8-AD7EEB7D251A}"
EndProject
Global
	GlobalSection(SolutionConfigurationPlatforms) = preSolution
		Debug|Any CPU = Debug|Any CPU
		Release|Any CPU = Release|Any CPU
	EndGlobalSection
	GlobalSection(ProjectConfigurationPlatforms) = postSolution
		{67690B1E-1D05-4082-8FF8-AD7EEB7D251A}.Debug|Any CPU.ActiveCfg = Debug|Any CPU
		{67690B1E-1D05-4082-8FF8-AD7EEB7D251A}.Debug|Any CPU.Build.0 = Debug|Any CPU
		{67690B1E-1D05-4082-8FF8-AD7EEB7D251A}.Release|Any CPU.ActiveCfg = Release|Any CPU
		{67690B1E-1D05-4082-8FF8-AD7EEB7D251A}.Release|Any CPU.Build.0 = Release|Any CPU
	EndGlobalSection
	GlobalSection(SolutionProperties) = preSolution
		HideSolutionNode = FALSE
	EndGlobalSection
	GlobalSection(ExtensibilityGlobals) = postSolution
		SolutionGuid = {F00E90AC-55CE-4990-A3E6-D85B1B1B9918}
	EndGlobalSection
EndGlobal
